
Microsoft Visual Studio Solution File, Format Version 12.00
# Visual Studio Version 17
VisualStudioVersion = 17.14.36221.1 d17.14
MinimumVisualStudioVersion = 10.0.40219.1
Project("{FAE04EC0-301F-11D3-BF4B-00C04F79EFBC}") = "eyewearshop-api", "eyewearshop-api\eyewearshop-api.csproj", "{0D714145-63E9-4BB7-880E-C83D917E66D4}"
EndProject
Project("{FAE04EC0-301F-11D3-BF4B-00C04F79EFBC}") = "eyewearshop-service", "eyewearshop-service\eyewearshop-service.csproj", "{BFAB3620-0C69-4A28-BFC0-2D4F4511FA01}"
EndProject
Project("{FAE04EC0-301F-11D3-BF4B-00C04F79EFBC}") = "eyewearshop-data", "eyewearshop-data\eyewearshop-data.csproj", "{5A1F1A3B-B52C-4037-A919-E2F285145F13}"
EndProject
Global
	GlobalSection(SolutionConfigurationPlatforms) = preSolution
		Debug|Any CPU = Debug|Any CPU
		Release|Any CPU = Release|Any CPU
	EndGlobalSection
	GlobalSection(ProjectConfigurationPlatforms) = postSolution
		{0D714145-63E9-4BB7-880E-C83D917E66D4}.Debug|Any CPU.ActiveCfg = Debug|Any CPU
		{0D714145-63E9-4BB7-880E-C83D917E66D4}.Debug|Any CPU.Build.0 = Debug|Any CPU
		{0D714145-63E9-4BB7-880E-C83D917E66D4}.Release|Any CPU.ActiveCfg = Release|Any CPU
		{0D714145-63E9-4BB7-880E-C83D917E66D4}.Release|Any CPU.Build.0 = Release|Any CPU
		{BFAB3620-0C69-4A28-BFC0-2D4F4511FA01}.Debug|Any CPU.ActiveCfg = Debug|Any CPU
		{BFAB3620-0C69-4A28-BFC0-2D4F4511FA01}.Debug|Any CPU.Build.0 = Debug|Any CPU
		{BFAB3620-0C69-4A28-BFC0-2D4F4511FA01}.Release|Any CPU.ActiveCfg = Release|Any CPU
		{BFAB3620-0C69-4A28-BFC0-2D4F4511FA01}.Release|Any CPU.Build.0 = Release|Any CPU
		{5A1F1A3B-B52C-4037-A919-E2F285145F13}.Debug|Any CPU.ActiveCfg = Debug|Any CPU
		{5A1F1A3B-B52C-4037-A919-E2F285145F13}.Debug|Any CPU.Build.0 = Debug|Any CPU
		{5A1F1A3B-B52C-4037-A919-E2F285145F13}.Release|Any CPU.ActiveCfg = Release|Any CPU
		{5A1F1A3B-B52C-4037-A919-E2F285145F13}.Release|Any CPU.Build.0 = Release|Any CPU
	EndGlobalSection
	GlobalSection(SolutionProperties) = preSolution
		HideSolutionNode = FALSE
	EndGlobalSection
	GlobalSection(ExtensibilityGlobals) = postSolution
		SolutionGuid = {F127A70A-A61D-4162-86D0-EA7A35581FF2}
	EndGlobalSection
EndGlobal
